
Microsoft Visual Studio Solution File, Format Version 12.00
# Visual Studio Version 16
VisualStudioVersion = 16.0.31729.503
MinimumVisualStudioVersion = 10.0.40219.1
Project("{FAE04EC0-301F-11D3-BF4B-00C04F79EFBC}") = "MyTopArtistsWebApp", "MyTopArtistsWebApp\MyTopArtistsWebApp.csproj", "{D6260BB4-E821-4FA0-94E7-FB8974C5DC89}"
EndProject
Global
	GlobalSection(SolutionConfigurationPlatforms) = preSolution
		Debug|Any CPU = Debug|Any CPU
		Release|Any CPU = Release|Any CPU
	EndGlobalSection
	GlobalSection(ProjectConfigurationPlatforms) = postSolution
		{D6260BB4-E821-4FA0-94E7-FB8974C5DC89}.Debug|Any CPU.ActiveCfg = Debug|Any CPU
		{D6260BB4-E821-4FA0-94E7-FB8974C5DC89}.Debug|Any CPU.Build.0 = Debug|Any CPU
		{D6260BB4-E821-4FA0-94E7-FB8974C5DC89}.Release|Any CPU.ActiveCfg = Release|Any CPU
		{D6260BB4-E821-4FA0-94E7-FB8974C5DC89}.Release|Any CPU.Build.0 = Release|Any CPU
	EndGlobalSection
	GlobalSection(SolutionProperties) = preSolution
		HideSolutionNode = FALSE
	EndGlobalSection
	GlobalSection(ExtensibilityGlobals) = postSolution
		SolutionGuid = {B15E476B-363A-418F-B1AF-403D466E0816}
	EndGlobalSection
EndGlobal
